
Microsoft Visual Studio Solution File, Format Version 12.00
# Visual Studio Version 17
VisualStudioVersion = 17.13.35913.81 d17.13
MinimumVisualStudioVersion = 10.0.40219.1
Project("{FAE04EC0-301F-11D3-BF4B-00C04F79EFBC}") = "TextRPG_Team25", "TextRPG_Team25.csproj", "{596113A1-C75A-4FE2-A00D-5A0E6285EE9D}"
EndProject
Global
	GlobalSection(SolutionConfigurationPlatforms) = preSolution
		Debug|Any CPU = Debug|Any CPU
		Release|Any CPU = Release|Any CPU
	EndGlobalSection
	GlobalSection(ProjectConfigurationPlatforms) = postSolution
		{596113A1-C75A-4FE2-A00D-5A0E6285EE9D}.Debug|Any CPU.ActiveCfg = Debug|Any CPU
		{596113A1-C75A-4FE2-A00D-5A0E6285EE9D}.Debug|Any CPU.Build.0 = Debug|Any CPU
		{596113A1-C75A-4FE2-A00D-5A0E6285EE9D}.Release|Any CPU.ActiveCfg = Release|Any CPU
		{596113A1-C75A-4FE2-A00D-5A0E6285EE9D}.Release|Any CPU.Build.0 = Release|Any CPU
	EndGlobalSection
	GlobalSection(SolutionProperties) = preSolution
		HideSolutionNode = FALSE
	EndGlobalSection
	GlobalSection(ExtensibilityGlobals) = postSolution
		SolutionGuid = {11417C82-0761-49F7-A1D3-C81181900525}
	EndGlobalSection
EndGlobal
